NeoBundleLock VimClojure 2a17c249571395a7f45523d38cac6a9326ecf8f1
NeoBundleLock neobundle.vim da586948ea027442d6c1b724e3b8c0937e224454
NeoBundleLock neocomplcache 778181767467b8f8016828898779a646074d883a
NeoBundleLock neosnippet d7145056c4b3b8177159a085cffbe54c18a7d248
NeoBundleLock neosnippet-snippets 9fc25db68f3c98b1b5d592dff465ad14e54bcadb
NeoBundleLock nerdtree 3b98a7fcae8f9fff356907171f0406ff8cd28921
NeoBundleLock syntastic 9af644dace47bb6692dd7364eb066e50c5f710b9
NeoBundleLock tcomment_vim 4bc4d53fa847c62a3f2780b0fdf87763d04ff91f
NeoBundleLock unite.vim bead7d12ab188ec80c05c6a764bb000dde2cb1c9
NeoBundleLock vim-endwise bba43b831ae0485cf9b86d16340a6a314b927391
NeoBundleLock vim-indent-guides 184e55848de2304cabc5c03d2afe9b8fd098c58c
NeoBundleLock vim-slime 457ce9b366ceb1be1885e73e79ebbe8c1a2511ef
NeoBundleLock vimshell 41d3ad325852e80588ab57c64433fa338789d6ac
