NeoBundleLock lightline.vim 78c43c144643e49c529a93b9eaa4eda12614f923
NeoBundleLock molokai c67bdfcdb31415aa0ade7f8c003261700a885476
NeoBundleLock neocomplcache 778181767467b8f8016828898779a646074d883a
NeoBundleLock neocomplete.vim 1401a1c6ab56546c55804ba09e6c9fe87654e954
NeoBundleLock neosnippet 8cf286e3bf7a5fc859f4c5f1bef52c351f24fefa
NeoBundleLock neosnippet-snippets 4aaa1713c88a74e340a97afa80d0b935f60bfecd
NeoBundleLock nerdtree a172d7cfcb4fe9b927dcc24184204fc89d826301
NeoBundleLock syntastic b7b473b2688827dcd7d8c801197b8bfc31b20dc4
NeoBundleLock tcomment_vim 278e8e63e89c07de89a67f36163b7d6f6c95b1ed
NeoBundleLock unite.vim cc0af4798f91e1c3a4a78ae028a3ac3e61d25eb3
NeoBundleLock vim-endwise d5655263af8b3611a2bcb907a9963831a88d154b
NeoBundleLock vim-indent-guides b40687195c01caf40f62d20093296590b48e3a75
NeoBundleLock vim-over 2a21603225e53f7822c21392b15a9c0f1ca8a98b
