NeoBundleLock VimClojure 2a17c249571395a7f45523d38cac6a9326ecf8f1
NeoBundleLock neocomplcache 778181767467b8f8016828898779a646074d883a
NeoBundleLock neosnippet ea4e91e797d1109592ce621d4b8102c414e96b22
NeoBundleLock neosnippet-snippets 5902053e0202248f0855d7a2b4f562425447493e
NeoBundleLock nerdtree e47e588705bd7d205a3b5a60ac7090c9a2504ba2
NeoBundleLock syntastic b7b473b2688827dcd7d8c801197b8bfc31b20dc4
NeoBundleLock tcomment_vim c66a6dab214e3944259acef423b924c994a853b9
NeoBundleLock unite.vim cc0af4798f91e1c3a4a78ae028a3ac3e61d25eb3
NeoBundleLock vim-endwise d5655263af8b3611a2bcb907a9963831a88d154b
NeoBundleLock vim-indent-guides b40687195c01caf40f62d20093296590b48e3a75
NeoBundleLock vim-slime e58486b791e6e1126ffd46d4ef634b8fef104f7f
NeoBundleLock vimshell d0c5bef010237855b4de25863bc54895effe5d7a
